
Microsoft Visual Studio Solution File, Format Version 12.00
# Visual Studio Version 17
VisualStudioVersion = 17.11.35219.272
MinimumVisualStudioVersion = 10.0.40219.1
Project("{888888A0-9F3D-457C-B088-3A5042F75D52}") = "Lihtsad programmid", "Lihtsad programmid.pyproj", "{BA832D33-95A2-4A89-B6F8-DB797FCDCC64}"
EndProject
Global
	GlobalSection(SolutionConfigurationPlatforms) = preSolution
		Debug|Any CPU = Debug|Any CPU
		Release|Any CPU = Release|Any CPU
	EndGlobalSection
	GlobalSection(ProjectConfigurationPlatforms) = postSolution
		{BA832D33-95A2-4A89-B6F8-DB797FCDCC64}.Debug|Any CPU.ActiveCfg = Debug|Any CPU
		{BA832D33-95A2-4A89-B6F8-DB797FCDCC64}.Release|Any CPU.ActiveCfg = Release|Any CPU
	EndGlobalSection
	GlobalSection(SolutionProperties) = preSolution
		HideSolutionNode = FALSE
	EndGlobalSection
	GlobalSection(ExtensibilityGlobals) = postSolution
		SolutionGuid = {D1F823FB-7143-4D9C-8A85-BFC16E7EA268}
	EndGlobalSection
EndGlobal
